
Microsoft Visual Studio Solution File, Format Version 12.00
# Visual Studio Version 16
VisualStudioVersion = 16.0.30804.86
MinimumVisualStudioVersion = 10.0.40219.1
Project("{FAE04EC0-301F-11D3-BF4B-00C04F79EFBC}") = "AwaitTutorial", "AwaitTutorial\AwaitTutorial.csproj", "{AAEBCB56-FB92-4A14-89CA-F4FAEAD56413}"
EndProject
Project("{FAE04EC0-301F-11D3-BF4B-00C04F79EFBC}") = "AsyncBreakfast", "AsyncBreakfast\AsyncBreakfast.csproj", "{F312251E-9968-46E4-897F-457580B92718}"
EndProject
Project("{FAE04EC0-301F-11D3-BF4B-00C04F79EFBC}") = "AsyncCancelListOfTasks", "AsyncCancelListOfTasks\AsyncCancelListOfTasks.csproj", "{BCA0588F-E989-408B-8959-E0503100DC12}"
EndProject
Project("{9A19103F-16F7-4668-BE54-9A1E7A4F7556}") = "SimpleParallelExample", "SimpleParallelExample\SimpleParallelExample.csproj", "{215EAE8A-C5A4-4FF7-95C7-144974AA55E5}"
EndProject
Project("{FAE04EC0-301F-11D3-BF4B-00C04F79EFBC}") = "TaskBasedAsyncProgramming", "TaskBasedAsyncProgramming\TaskBasedAsyncProgramming.csproj", "{B85E8DD1-148A-414E-B62D-51F6E085BE20}"
EndProject
Global
	GlobalSection(SolutionConfigurationPlatforms) = preSolution
		Debug|Any CPU = Debug|Any CPU
		Release|Any CPU = Release|Any CPU
	EndGlobalSection
	GlobalSection(ProjectConfigurationPlatforms) = postSolution
		{AAEBCB56-FB92-4A14-89CA-F4FAEAD56413}.Debug|Any CPU.ActiveCfg = Debug|Any CPU
		{AAEBCB56-FB92-4A14-89CA-F4FAEAD56413}.Debug|Any CPU.Build.0 = Debug|Any CPU
		{AAEBCB56-FB92-4A14-89CA-F4FAEAD56413}.Release|Any CPU.ActiveCfg = Release|Any CPU
		{AAEBCB56-FB92-4A14-89CA-F4FAEAD56413}.Release|Any CPU.Build.0 = Release|Any CPU
		{F312251E-9968-46E4-897F-457580B92718}.Debug|Any CPU.ActiveCfg = Debug|Any CPU
		{F312251E-9968-46E4-897F-457580B92718}.Debug|Any CPU.Build.0 = Debug|Any CPU
		{F312251E-9968-46E4-897F-457580B92718}.Release|Any CPU.ActiveCfg = Release|Any CPU
		{F312251E-9968-46E4-897F-457580B92718}.Release|Any CPU.Build.0 = Release|Any CPU
		{BCA0588F-E989-408B-8959-E0503100DC12}.Debug|Any CPU.ActiveCfg = Debug|Any CPU
		{BCA0588F-E989-408B-8959-E0503100DC12}.Debug|Any CPU.Build.0 = Debug|Any CPU
		{BCA0588F-E989-408B-8959-E0503100DC12}.Release|Any CPU.ActiveCfg = Release|Any CPU
		{BCA0588F-E989-408B-8959-E0503100DC12}.Release|Any CPU.Build.0 = Release|Any CPU
		{215EAE8A-C5A4-4FF7-95C7-144974AA55E5}.Debug|Any CPU.ActiveCfg = Debug|Any CPU
		{215EAE8A-C5A4-4FF7-95C7-144974AA55E5}.Debug|Any CPU.Build.0 = Debug|Any CPU
		{215EAE8A-C5A4-4FF7-95C7-144974AA55E5}.Release|Any CPU.ActiveCfg = Release|Any CPU
		{215EAE8A-C5A4-4FF7-95C7-144974AA55E5}.Release|Any CPU.Build.0 = Release|Any CPU
		{B85E8DD1-148A-414E-B62D-51F6E085BE20}.Debug|Any CPU.ActiveCfg = Debug|Any CPU
		{B85E8DD1-148A-414E-B62D-51F6E085BE20}.Debug|Any CPU.Build.0 = Debug|Any CPU
		{B85E8DD1-148A-414E-B62D-51F6E085BE20}.Release|Any CPU.ActiveCfg = Release|Any CPU
		{B85E8DD1-148A-414E-B62D-51F6E085BE20}.Release|Any CPU.Build.0 = Release|Any CPU
	EndGlobalSection
	GlobalSection(SolutionProperties) = preSolution
		HideSolutionNode = FALSE
	EndGlobalSection
	GlobalSection(ExtensibilityGlobals) = postSolution
		SolutionGuid = {F7F4573D-B9ED-484B-9C91-2DC1AA1D2F59}
	EndGlobalSection
EndGlobal
